// !$*UTF8*$!
{
	archiveVersion = 1;
	classes = {
	};
	objectVersion = 50;
	objects = {

/* Begin PBXBuildFile section */
		768357C5260348640032FE3A /* Green4allApp.swift in Sources */ = {isa = PBXBuildFile; fileRef = 768357C4260348640032FE3A /* Green4allApp.swift */; };
		768357C7260348640032FE3A /* ContentView.swift in Sources */ = {isa = PBXBuildFile; fileRef = 768357C6260348640032FE3A /* ContentView.swift */; };
		768357C9260348650032FE3A /* Assets.xcassets in Resources */ = {isa = PBXBuildFile; fileRef = 768357C8260348650032FE3A /* Assets.xcassets */; };
		768357CC260348650032FE3A /* Preview Assets.xcassets in Resources */ = {isa = PBXBuildFile; fileRef = 768357CB260348650032FE3A /* Preview Assets.xcassets */; };
		7D3ABB1426034D34007C1A7D /* ProjectListView.swift in Sources */ = {isa = PBXBuildFile; fileRef = 7D3ABB1326034D34007C1A7D /* ProjectListView.swift */; };
		7D3ABB1726034D49007C1A7D /* ProjectDetailView.swift in Sources */ = {isa = PBXBuildFile; fileRef = 7D3ABB1626034D49007C1A7D /* ProjectDetailView.swift */; };
		7DA6A8C42603EB0F00F11A4A /* NewProjectView.swift in Sources */ = {isa = PBXBuildFile; fileRef = 7DA6A8C32603EB0F00F11A4A /* NewProjectView.swift */; };
		7DA6A8C72603FABC00F11A4A /* SearchBar.swift in Sources */ = {isa = PBXBuildFile; fileRef = 7DA6A8C62603FABC00F11A4A /* SearchBar.swift */; };
		7DA75BCB26035380002302A6 /* Project.swift in Sources */ = {isa = PBXBuildFile; fileRef = 7DA75BCA26035380002302A6 /* Project.swift */; };
		7DA75BCE26035919002302A6 /* ProjectRowView.swift in Sources */ = {isa = PBXBuildFile; fileRef = 7DA75BCD26035919002302A6 /* ProjectRowView.swift */; };
		7DA75BD126035F56002302A6 /* Category.swift in Sources */ = {isa = PBXBuildFile; fileRef = 7DA75BD026035F56002302A6 /* Category.swift */; };
/* End PBXBuildFile section */

/* Begin PBXFileReference section */
		768357C1260348640032FE3A /* Green4all.app */ = {isa = PBXFileReference; explicitFileType = wrapper.application; includeInIndex = 0; path = Green4all.app; sourceTree = BUILT_PRODUCTS_DIR; };
		768357C4260348640032FE3A /* Green4allApp.swift */ = {isa = PBXFileReference; lastKnownFileType = sourcecode.swift; path = Green4allApp.swift; sourceTree = "<group>"; };
		768357C6260348640032FE3A /* ContentView.swift */ = {isa = PBXFileReference; lastKnownFileType = sourcecode.swift; path = ContentView.swift; sourceTree = "<group>"; };
		768357C8260348650032FE3A /* Assets.xcassets */ = {isa = PBXFileReference; lastKnownFileType = folder.assetcatalog; path = Assets.xcassets; sourceTree = "<group>"; };
		768357CB260348650032FE3A /* Preview Assets.xcassets */ = {isa = PBXFileReference; lastKnownFileType = folder.assetcatalog; path = "Preview Assets.xcassets"; sourceTree = "<group>"; };
		768357CD260348650032FE3A /* Info.plist */ = {isa = PBXFileReference; lastKnownFileType = text.plist.xml; path = Info.plist; sourceTree = "<group>"; };
		7D3ABB1326034D34007C1A7D /* ProjectListView.swift */ = {isa = PBXFileReference; lastKnownFileType = sourcecode.swift; path = ProjectListView.swift; sourceTree = "<group>"; };
		7D3ABB1626034D49007C1A7D /* ProjectDetailView.swift */ = {isa = PBXFileReference; lastKnownFileType = sourcecode.swift; path = ProjectDetailView.swift; sourceTree = "<group>"; };
		7DA6A8C32603EB0F00F11A4A /* NewProjectView.swift */ = {isa = PBXFileReference; lastKnownFileType = sourcecode.swift; path = NewProjectView.swift; sourceTree = "<group>"; };
		7DA6A8C62603FABC00F11A4A /* SearchBar.swift */ = {isa = PBXFileReference; lastKnownFileType = sourcecode.swift; path = SearchBar.swift; sourceTree = "<group>"; };
		7DA75BCA26035380002302A6 /* Project.swift */ = {isa = PBXFileReference; lastKnownFileType = sourcecode.swift; path = Project.swift; sourceTree = "<group>"; };
		7DA75BCD26035919002302A6 /* ProjectRowView.swift */ = {isa = PBXFileReference; lastKnownFileType = sourcecode.swift; path = ProjectRowView.swift; sourceTree = "<group>"; };
		7DA75BD026035F56002302A6 /* Category.swift */ = {isa = PBXFileReference; lastKnownFileType = sourcecode.swift; path = Category.swift; sourceTree = "<group>"; };
/* End PBXFileReference section */

/* Begin PBXFrameworksBuildPhase section */
		768357BE260348640032FE3A /* Frameworks */ = {
			isa = PBXFrameworksBuildPhase;
			buildActionMask = 2147483647;
			files = (
			);
			runOnlyForDeploymentPostprocessing = 0;
		};
/* End PBXFrameworksBuildPhase section */

/* Begin PBXGroup section */
		768357B8260348640032FE3A = {
			isa = PBXGroup;
			children = (
				768357C3260348640032FE3A /* Green4all */,
				768357C2260348640032FE3A /* Products */,
			);
			sourceTree = "<group>";
		};
		768357C2260348640032FE3A /* Products */ = {
			isa = PBXGroup;
			children = (
				768357C1260348640032FE3A /* Green4all.app */,
			);
			name = Products;
			sourceTree = "<group>";
		};
		768357C3260348640032FE3A /* Green4all */ = {
			isa = PBXGroup;
			children = (
				7DA6A8C62603FABC00F11A4A /* SearchBar.swift */,
				7D3ABB1226034D0A007C1A7D /* Project */,
				768357C4260348640032FE3A /* Green4allApp.swift */,
				768357C6260348640032FE3A /* ContentView.swift */,
				768357C8260348650032FE3A /* Assets.xcassets */,
				768357CD260348650032FE3A /* Info.plist */,
				768357CA260348650032FE3A /* Preview Content */,
			);
			path = Green4all;
			sourceTree = "<group>";
		};
		768357CA260348650032FE3A /* Preview Content */ = {
			isa = PBXGroup;
			children = (
				768357CB260348650032FE3A /* Preview Assets.xcassets */,
			);
			path = "Preview Content";
			sourceTree = "<group>";
		};
		7D3ABB1226034D0A007C1A7D /* Project */ = {
			isa = PBXGroup;
			children = (
				7D3ABB1326034D34007C1A7D /* ProjectListView.swift */,
				7DA6A8C32603EB0F00F11A4A /* NewProjectView.swift */,
				7DA75BCD26035919002302A6 /* ProjectRowView.swift */,
				7DA75BCA26035380002302A6 /* Project.swift */,
				7DA75BD026035F56002302A6 /* Category.swift */,
				7D3ABB1626034D49007C1A7D /* ProjectDetailView.swift */,
			);
			path = Project;
			sourceTree = "<group>";
		};
/* End PBXGroup section */

/* Begin PBXNativeTarget section */
		768357C0260348640032FE3A /* Green4all */ = {
			isa = PBXNativeTarget;
			buildConfigurationList = 768357D0260348650032FE3A /* Build configuration list for PBXNativeTarget "Green4all" */;
			buildPhases = (
				768357BD260348640032FE3A /* Sources */,
				768357BE260348640032FE3A /* Frameworks */,
				768357BF260348640032FE3A /* Resources */,
			);
			buildRules = (
			);
			dependencies = (
			);
			name = Green4all;
			productName = Green4all;
			productReference = 768357C1260348640032FE3A /* Green4all.app */;
			productType = "com.apple.product-type.application";
		};
/* End PBXNativeTarget section */

/* Begin PBXProject section */
		768357B9260348640032FE3A /* Project object */ = {
			isa = PBXProject;
			attributes = {
				LastSwiftUpdateCheck = 1240;
				LastUpgradeCheck = 1240;
				TargetAttributes = {
					768357C0260348640032FE3A = {
						CreatedOnToolsVersion = 12.4;
					};
				};
			};
			buildConfigurationList = 768357BC260348640032FE3A /* Build configuration list for PBXProject "Green4all" */;
			compatibilityVersion = "Xcode 9.3";
			developmentRegion = en;
			hasScannedForEncodings = 0;
			knownRegions = (
				en,
				Base,
			);
			mainGroup = 768357B8260348640032FE3A;
			productRefGroup = 768357C2260348640032FE3A /* Products */;
			projectDirPath = "";
			projectRoot = "";
			targets = (
				768357C0260348640032FE3A /* Green4all */,
			);
		};
/* End PBXProject section */

/* Begin PBXResourcesBuildPhase section */
		768357BF260348640032FE3A /* Resources */ = {
			isa = PBXResourcesBuildPhase;
			buildActionMask = 2147483647;
			files = (
				768357CC260348650032FE3A /* Preview Assets.xcassets in Resources */,
				768357C9260348650032FE3A /* Assets.xcassets in Resources */,
			);
			runOnlyForDeploymentPostprocessing = 0;
		};
/* End PBXResourcesBuildPhase section */

/* Begin PBXSourcesBuildPhase section */
		768357BD260348640032FE3A /* Sources */ = {
			isa = PBXSourcesBuildPhase;
			buildActionMask = 2147483647;
			files = (
				768357C7260348640032FE3A /* ContentView.swift in Sources */,
				7DA75BCE26035919002302A6 /* ProjectRowView.swift in Sources */,
				7D3ABB1426034D34007C1A7D /* ProjectListView.swift in Sources */,
				7DA6A8C42603EB0F00F11A4A /* NewProjectView.swift in Sources */,
				768357C5260348640032FE3A /* Green4allApp.swift in Sources */,
				7DA6A8C72603FABC00F11A4A /* SearchBar.swift in Sources */,
				7DA75BCB26035380002302A6 /* Project.swift in Sources */,
				7D3ABB1726034D49007C1A7D /* ProjectDetailView.swift in Sources */,
				7DA75BD126035F56002302A6 /* Category.swift in Sources */,
			);
			runOnlyForDeploymentPostprocessing = 0;
		};
/* End PBXSourcesBuildPhase section */

/* Begin XCBuildConfiguration section */
		768357CE260348650032FE3A /* Debug */ = {
			isa = XCBuildConfiguration;
			buildSettings = {
				ALWAYS_SEARCH_USER_PATHS = NO;
				CLANG_ANALYZER_NONNULL = YES;
				CLANG_ANALYZER_NUMBER_OBJECT_CONVERSION = YES_AGGRESSIVE;
				CLANG_CXX_LANGUAGE_STANDARD = "gnu++14";
				CLANG_CXX_LIBRARY = "libc++";
				CLANG_ENABLE_MODULES = YES;
				CLANG_ENABLE_OBJC_ARC = YES;
				CLANG_ENABLE_OBJC_WEAK = YES;
				CLANG_WARN_BLOCK_CAPTURE_AUTORELEASING = YES;
				CLANG_WARN_BOOL_CONVERSION = YES;
				CLANG_WARN_COMMA = YES;
				CLANG_WARN_CONSTANT_CONVERSION = YES;
				CLANG_WARN_DEPRECATED_OBJC_IMPLEMENTATIONS = YES;
				CLANG_WARN_DIRECT_OBJC_ISA_USAGE = YES_ERROR;
				CLANG_WARN_DOCUMENTATION_COMMENTS = YES;
				CLANG_WARN_EMPTY_BODY = YES;
				CLANG_WARN_ENUM_CONVERSION = YES;
				CLANG_WARN_INFINITE_RECURSION = YES;
				CLANG_WARN_INT_CONVERSION = YES;
				CLANG_WARN_NON_LITERAL_NULL_CONVERSION = YES;
				CLANG_WARN_OBJC_IMPLICIT_RETAIN_SELF = YES;
				CLANG_WARN_OBJC_LITERAL_CONVERSION = YES;
				CLANG_WARN_OBJC_ROOT_CLASS = YES_ERROR;
				CLANG_WARN_QUOTED_INCLUDE_IN_FRAMEWORK_HEADER = YES;
				CLANG_WARN_RANGE_LOOP_ANALYSIS = YES;
				CLANG_WARN_STRICT_PROTOTYPES = YES;
				CLANG_WARN_SUSPICIOUS_MOVE = YES;
				CLANG_WARN_UNGUARDED_AVAILABILITY = YES_AGGRESSIVE;
				CLANG_WARN_UNREACHABLE_CODE = YES;
				CLANG_WARN__DUPLICATE_METHOD_MATCH = YES;
				COPY_PHASE_STRIP = NO;
				DEBUG_INFORMATION_FORMAT = dwarf;
				ENABLE_STRICT_OBJC_MSGSEND = YES;
				ENABLE_TESTABILITY = YES;
				GCC_C_LANGUAGE_STANDARD = gnu11;
				GCC_DYNAMIC_NO_PIC = NO;
				GCC_NO_COMMON_BLOCKS = YES;
				GCC_OPTIMIZATION_LEVEL = 0;
				GCC_PREPROCESSOR_DEFINITIONS = (
					"DEBUG=1",
					"$(inherited)",
				);
				GCC_WARN_64_TO_32_BIT_CONVERSION = YES;
				GCC_WARN_ABOUT_RETURN_TYPE = YES_ERROR;
				GCC_WARN_UNDECLARED_SELECTOR = YES;
				GCC_WARN_UNINITIALIZED_AUTOS = YES_AGGRESSIVE;
				GCC_WARN_UNUSED_FUNCTION = YES;
				GCC_WARN_UNUSED_VARIABLE = YES;
				IPHONEOS_DEPLOYMENT_TARGET = 14.4;
				MTL_ENABLE_DEBUG_INFO = INCLUDE_SOURCE;
				MTL_FAST_MATH = YES;
				ONLY_ACTIVE_ARCH = YES;
				SDKROOT = iphoneos;
				SWIFT_ACTIVE_COMPILATION_CONDITIONS = DEBUG;
				SWIFT_OPTIMIZATION_LEVEL = "-Onone";
			};
			name = Debug;
		};
		768357CF260348650032FE3A /* Release */ = {
			isa = XCBuildConfiguration;
			buildSettings = {
				ALWAYS_SEARCH_USER_PATHS = NO;
				CLANG_ANALYZER_NONNULL = YES;
				CLANG_ANALYZER_NUMBER_OBJECT_CONVERSION = YES_AGGRESSIVE;
				CLANG_CXX_LANGUAGE_STANDARD = "gnu++14";
				CLANG_CXX_LIBRARY = "libc++";
				CLANG_ENABLE_MODULES = YES;
				CLANG_ENABLE_OBJC_ARC = YES;
				CLANG_ENABLE_OBJC_WEAK = YES;
				CLANG_WARN_BLOCK_CAPTURE_AUTORELEASING = YES;
				CLANG_WARN_BOOL_CONVERSION = YES;
				CLANG_WARN_COMMA = YES;
				CLANG_WARN_CONSTANT_CONVERSION = YES;
				CLANG_WARN_DEPRECATED_OBJC_IMPLEMENTATIONS = YES;
				CLANG_WARN_DIRECT_OBJC_ISA_USAGE = YES_ERROR;
				CLANG_WARN_DOCUMENTATION_COMMENTS = YES;
				CLANG_WARN_EMPTY_BODY = YES;
				CLANG_WARN_ENUM_CONVERSION = YES;
				CLANG_WARN_INFINITE_RECURSION = YES;
				CLANG_WARN_INT_CONVERSION = YES;
				CLANG_WARN_NON_LITERAL_NULL_CONVERSION = YES;
				CLANG_WARN_OBJC_IMPLICIT_RETAIN_SELF = YES;
				CLANG_WARN_OBJC_LITERAL_CONVERSION = YES;
				CLANG_WARN_OBJC_ROOT_CLASS = YES_ERROR;
				CLANG_WARN_QUOTED_INCLUDE_IN_FRAMEWORK_HEADER = YES;
				CLANG_WARN_RANGE_LOOP_ANALYSIS = YES;
				CLANG_WARN_STRICT_PROTOTYPES = YES;
				CLANG_WARN_SUSPICIOUS_MOVE = YES;
				CLANG_WARN_UNGUARDED_AVAILABILITY = YES_AGGRESSIVE;
				CLANG_WARN_UNREACHABLE_CODE = YES;
				CLANG_WARN__DUPLICATE_METHOD_MATCH = YES;
				COPY_PHASE_STRIP = NO;
				DEBUG_INFORMATION_FORMAT = "dwarf-with-dsym";
				ENABLE_NS_ASSERTIONS = NO;
				ENABLE_STRICT_OBJC_MSGSEND = YES;
				GCC_C_LANGUAGE_STANDARD = gnu11;
				GCC_NO_COMMON_BLOCKS = YES;
				GCC_WARN_64_TO_32_BIT_CONVERSION = YES;
				GCC_WARN_ABOUT_RETURN_TYPE = YES_ERROR;
				GCC_WARN_UNDECLARED_SELECTOR = YES;
				GCC_WARN_UNINITIALIZED_AUTOS = YES_AGGRESSIVE;
				GCC_WARN_UNUSED_FUNCTION = YES;
				GCC_WARN_UNUSED_VARIABLE = YES;
				IPHONEOS_DEPLOYMENT_TARGET = 14.4;
				MTL_ENABLE_DEBUG_INFO = NO;
				MTL_FAST_MATH = YES;
				SDKROOT = iphoneos;
				SWIFT_COMPILATION_MODE = wholemodule;
				SWIFT_OPTIMIZATION_LEVEL = "-O";
				VALIDATE_PRODUCT = YES;
			};
			name = Release;
		};
		768357D1260348650032FE3A /* Debug */ = {
			isa = XCBuildConfiguration;
			buildSettings = {
				ASSETCATALOG_COMPILER_APPICON_NAME = AppIcon;
				ASSETCATALOG_COMPILER_GLOBAL_ACCENT_COLOR_NAME = AccentColor;
				CODE_SIGN_STYLE = Automatic;
				DEVELOPMENT_ASSET_PATHS = "\"Green4all/Preview Content\"";
				ENABLE_PREVIEWS = YES;
				INFOPLIST_FILE = Green4all/Info.plist;
				IPHONEOS_DEPLOYMENT_TARGET = 14.0;
				LD_RUNPATH_SEARCH_PATHS = (
					"$(inherited)",
					"@executable_path/Frameworks",
				);
				PRODUCT_BUNDLE_IDENTIFIER = AFPE.Green4all;
				PRODUCT_NAME = "$(TARGET_NAME)";
				SWIFT_VERSION = 5.0;
				TARGETED_DEVICE_FAMILY = "1,2";
			};
			name = Debug;
		};
		768357D2260348650032FE3A /* Release */ = {
			isa = XCBuildConfiguration;
			buildSettings = {
				ASSETCATALOG_COMPILER_APPICON_NAME = AppIcon;
				ASSETCATALOG_COMPILER_GLOBAL_ACCENT_COLOR_NAME = AccentColor;
				CODE_SIGN_STYLE = Automatic;
				DEVELOPMENT_ASSET_PATHS = "\"Green4all/Preview Content\"";
				ENABLE_PREVIEWS = YES;
				INFOPLIST_FILE = Green4all/Info.plist;
				IPHONEOS_DEPLOYMENT_TARGET = 14.0;
				LD_RUNPATH_SEARCH_PATHS = (
					"$(inherited)",
					"@executable_path/Frameworks",
				);
				PRODUCT_BUNDLE_IDENTIFIER = AFPE.Green4all;
				PRODUCT_NAME = "$(TARGET_NAME)";
				SWIFT_VERSION = 5.0;
				TARGETED_DEVICE_FAMILY = "1,2";
			};
			name = Release;
		};
/* End XCBuildConfiguration section */

/* Begin XCConfigurationList section */
		768357BC260348640032FE3A /* Build configuration list for PBXProject "Green4all" */ = {
			isa = XCConfigurationList;
			buildConfigurations = (
				768357CE260348650032FE3A /* Debug */,
				768357CF260348650032FE3A /* Release */,
			);
			defaultConfigurationIsVisible = 0;
			defaultConfigurationName = Release;
		};
		768357D0260348650032FE3A /* Build configuration list for PBXNativeTarget "Green4all" */ = {
			isa = XCConfigurationList;
			buildConfigurations = (
				768357D1260348650032FE3A /* Debug */,
				768357D2260348650032FE3A /* Release */,
			);
			defaultConfigurationIsVisible = 0;
			defaultConfigurationName = Release;
		};
/* End XCConfigurationList section */
	};
	rootObject = 768357B9260348640032FE3A /* Project object */;
}
